
Microsoft Visual Studio Solution File, Format Version 12.00
# Visual Studio Version 17
VisualStudioVersion = 17.1.32414.318
MinimumVisualStudioVersion = 10.0.40219.1
Project("{8BC9CEB8-8B4A-11D0-8D11-00A0C91BC942}") = "ConsoleApplication1", "ConsoleApplication1.vcxproj", "{FCADC81E-A780-4E0F-8EBC-3EB44CEB67F9}"
EndProject
Global
	GlobalSection(SolutionConfigurationPlatforms) = preSolution
		Debug|x64 = Debug|x64
		Debug|x86 = Debug|x86
		Release|x64 = Release|x64
		Release|x86 = Release|x86
	EndGlobalSection
	GlobalSection(ProjectConfigurationPlatforms) = postSolution
		{FCADC81E-A780-4E0F-8EBC-3EB44CEB67F9}.Debug|x64.ActiveCfg = Debug|x64
		{FCADC81E-A780-4E0F-8EBC-3EB44CEB67F9}.Debug|x64.Build.0 = Debug|x64
		{FCADC81E-A780-4E0F-8EBC-3EB44CEB67F9}.Debug|x86.ActiveCfg = Debug|Win32
		{FCADC81E-A780-4E0F-8EBC-3EB44CEB67F9}.Debug|x86.Build.0 = Debug|Win32
		{FCADC81E-A780-4E0F-8EBC-3EB44CEB67F9}.Release|x64.ActiveCfg = Release|x64
		{FCADC81E-A780-4E0F-8EBC-3EB44CEB67F9}.Release|x64.Build.0 = Release|x64
		{FCADC81E-A780-4E0F-8EBC-3EB44CEB67F9}.Release|x86.ActiveCfg = Release|Win32
		{FCADC81E-A780-4E0F-8EBC-3EB44CEB67F9}.Release|x86.Build.0 = Release|Win32
	EndGlobalSection
	GlobalSection(SolutionProperties) = preSolution
		HideSolutionNode = FALSE
	EndGlobalSection
	GlobalSection(ExtensibilityGlobals) = postSolution
		SolutionGuid = {E508D72B-543E-4C3A-BC37-006B111FA6AE}
	EndGlobalSection
EndGlobal
